
Microsoft Visual Studio Solution File, Format Version 11.00
# Visual C# Express 2010
Project("{FAE04EC0-301F-11D3-BF4B-00C04F79EFBC}") = "Chapter 2", "Chapter 2\Chapter 2.csproj", "{C5700F60-4889-4F23-AADA-B41F82E151E8}"
EndProject
Project("{FAE04EC0-301F-11D3-BF4B-00C04F79EFBC}") = "Carpet", "Carpet\Carpet.csproj", "{4DD417A3-8091-4DB3-9638-A62E87C5EAE6}"
EndProject
Global
	GlobalSection(SolutionConfigurationPlatforms) = preSolution
		Debug|x86 = Debug|x86
		Release|x86 = Release|x86
	EndGlobalSection
	GlobalSection(ProjectConfigurationPlatforms) = postSolution
		{C5700F60-4889-4F23-AADA-B41F82E151E8}.Debug|x86.ActiveCfg = Debug|x86
		{C5700F60-4889-4F23-AADA-B41F82E151E8}.Debug|x86.Build.0 = Debug|x86
		{C5700F60-4889-4F23-AADA-B41F82E151E8}.Release|x86.ActiveCfg = Release|x86
		{C5700F60-4889-4F23-AADA-B41F82E151E8}.Release|x86.Build.0 = Release|x86
		{4DD417A3-8091-4DB3-9638-A62E87C5EAE6}.Debug|x86.ActiveCfg = Debug|x86
		{4DD417A3-8091-4DB3-9638-A62E87C5EAE6}.Debug|x86.Build.0 = Debug|x86
		{4DD417A3-8091-4DB3-9638-A62E87C5EAE6}.Release|x86.ActiveCfg = Release|x86
		{4DD417A3-8091-4DB3-9638-A62E87C5EAE6}.Release|x86.Build.0 = Release|x86
	EndGlobalSection
	GlobalSection(SolutionProperties) = preSolution
		HideSolutionNode = FALSE
	EndGlobalSection
EndGlobal
